// !$*UTF8*$!
{
	archiveVersion = 1;
	classes = {
	};
	objectVersion = 56;
	objects = {

/* Begin PBXBuildFile section */
		AA0000000000000000000101 /* WaktuMateApp.swift in Sources */ = {isa = PBXBuildFile; fileRef = AA0000000000000000000201 /* WaktuMateApp.swift */; };
		AA0000000000000000000102 /* MainTabView.swift in Sources */ = {isa = PBXBuildFile; fileRef = AA0000000000000000000202 /* MainTabView.swift */; };
		AA0000000000000000000103 /* DateFormatting.swift in Sources */ = {isa = PBXBuildFile; fileRef = AA0000000000000000000203 /* DateFormatting.swift */; };
		AA0000000000000000000104 /* PrayerName.swift in Sources */ = {isa = PBXBuildFile; fileRef = AA0000000000000000000204 /* PrayerName.swift */; };
		AA0000000000000000000105 /* PrayerTime.swift in Sources */ = {isa = PBXBuildFile; fileRef = AA0000000000000000000205 /* PrayerTime.swift */; };
		AA0000000000000000000106 /* PrayerZone.swift in Sources */ = {isa = PBXBuildFile; fileRef = AA0000000000000000000206 /* PrayerZone.swift */; };
		AA0000000000000000000107 /* DailyPrayerRecord.swift in Sources */ = {isa = PBXBuildFile; fileRef = AA0000000000000000000207 /* DailyPrayerRecord.swift */; };
		AA0000000000000000000108 /* NotificationSettings.swift in Sources */ = {isa = PBXBuildFile; fileRef = AA0000000000000000000208 /* NotificationSettings.swift */; };
		AA0000000000000000000109 /* StorageService.swift in Sources */ = {isa = PBXBuildFile; fileRef = AA0000000000000000000209 /* StorageService.swift */; };
		AA0000000000000000000110 /* PrayerTimeService.swift in Sources */ = {isa = PBXBuildFile; fileRef = AA0000000000000000000210 /* PrayerTimeService.swift */; };
		AA0000000000000000000111 /* NotificationService.swift in Sources */ = {isa = PBXBuildFile; fileRef = AA0000000000000000000211 /* NotificationService.swift */; };
		AA0000000000000000000112 /* TodayViewModel.swift in Sources */ = {isa = PBXBuildFile; fileRef = AA0000000000000000000212 /* TodayViewModel.swift */; };
		AA0000000000000000000113 /* TrackerViewModel.swift in Sources */ = {isa = PBXBuildFile; fileRef = AA0000000000000000000213 /* TrackerViewModel.swift */; };
		AA0000000000000000000114 /* SettingsViewModel.swift in Sources */ = {isa = PBXBuildFile; fileRef = AA0000000000000000000214 /* SettingsViewModel.swift */; };
		AA0000000000000000000115 /* TasbihViewModel.swift in Sources */ = {isa = PBXBuildFile; fileRef = AA0000000000000000000215 /* TasbihViewModel.swift */; };
		AA0000000000000000000116 /* AppTheme.swift in Sources */ = {isa = PBXBuildFile; fileRef = AA0000000000000000000216 /* AppTheme.swift */; };
		AA0000000000000000000117 /* TodayView.swift in Sources */ = {isa = PBXBuildFile; fileRef = AA0000000000000000000217 /* TodayView.swift */; };
		AA0000000000000000000118 /* NextPrayerCard.swift in Sources */ = {isa = PBXBuildFile; fileRef = AA0000000000000000000218 /* NextPrayerCard.swift */; };
		AA0000000000000000000119 /* PrayerTimeRow.swift in Sources */ = {isa = PBXBuildFile; fileRef = AA0000000000000000000219 /* PrayerTimeRow.swift */; };
		AA0000000000000000000120 /* TrackerView.swift in Sources */ = {isa = PBXBuildFile; fileRef = AA0000000000000000000220 /* TrackerView.swift */; };
		AA0000000000000000000121 /* PrayerCheckRow.swift in Sources */ = {isa = PBXBuildFile; fileRef = AA0000000000000000000221 /* PrayerCheckRow.swift */; };
		AA0000000000000000000122 /* WeeklyStatsCard.swift in Sources */ = {isa = PBXBuildFile; fileRef = AA0000000000000000000222 /* WeeklyStatsCard.swift */; };
		AA0000000000000000000123 /* ToolsView.swift in Sources */ = {isa = PBXBuildFile; fileRef = AA0000000000000000000223 /* ToolsView.swift */; };
		AA0000000000000000000124 /* TasbihCounterView.swift in Sources */ = {isa = PBXBuildFile; fileRef = AA0000000000000000000224 /* TasbihCounterView.swift */; };
		AA0000000000000000000125 /* SettingsView.swift in Sources */ = {isa = PBXBuildFile; fileRef = AA0000000000000000000225 /* SettingsView.swift */; };
		AA0000000000000000000126 /* ZonePickerView.swift in Sources */ = {isa = PBXBuildFile; fileRef = AA0000000000000000000226 /* ZonePickerView.swift */; };
		AA0000000000000000000127 /* MockPrayerTimes.json in Resources */ = {isa = PBXBuildFile; fileRef = AA0000000000000000000227 /* MockPrayerTimes.json */; };
		AA0000000000000000000128 /* Assets.xcassets in Resources */ = {isa = PBXBuildFile; fileRef = AA0000000000000000000228 /* Assets.xcassets */; };
		AA0000000000000000000129 /* FaithProfile.swift in Sources */ = {isa = PBXBuildFile; fileRef = AA0000000000000000000230 /* FaithProfile.swift */; };
		AA0000000000000000000130 /* LocationService.swift in Sources */ = {isa = PBXBuildFile; fileRef = AA0000000000000000000231 /* LocationService.swift */; };
		AA0000000000000000000131 /* AppStateViewModel.swift in Sources */ = {isa = PBXBuildFile; fileRef = AA0000000000000000000232 /* AppStateViewModel.swift */; };
		AA0000000000000000000132 /* PracticeTimerViewModel.swift in Sources */ = {isa = PBXBuildFile; fileRef = AA0000000000000000000233 /* PracticeTimerViewModel.swift */; };
		AA0000000000000000000133 /* FaithOnboardingView.swift in Sources */ = {isa = PBXBuildFile; fileRef = AA0000000000000000000234 /* FaithOnboardingView.swift */; };
		AA0000000000000000000134 /* FaithHomeView.swift in Sources */ = {isa = PBXBuildFile; fileRef = AA0000000000000000000235 /* FaithHomeView.swift */; };
		AA0000000000000000000135 /* PracticeToolsViews.swift in Sources */ = {isa = PBXBuildFile; fileRef = AA0000000000000000000236 /* PracticeToolsViews.swift */; };
		AA0000000000000000000136 /* AppLanguage.swift in Sources */ = {isa = PBXBuildFile; fileRef = AA0000000000000000000237 /* AppLanguage.swift */; };
		AA0000000000000000000137 /* FaithPersonalProfile.swift in Sources */ = {isa = PBXBuildFile; fileRef = AA0000000000000000000238 /* FaithPersonalProfile.swift */; };
		AA0000000000000000000138 /* FaithHoliday.swift in Sources */ = {isa = PBXBuildFile; fileRef = AA0000000000000000000239 /* FaithHoliday.swift */; };
		AA0000000000000000000139 /* CalendarService.swift in Sources */ = {isa = PBXBuildFile; fileRef = AA0000000000000000000240 /* CalendarService.swift */; };
/* End PBXBuildFile section */

/* Begin PBXFileReference section */
		AA0000000000000000000201 /* WaktuMateApp.swift */ = {isa = PBXFileReference; lastKnownFileType = sourcecode.swift; path = WaktuMateApp.swift; sourceTree = "<group>"; };
		AA0000000000000000000202 /* MainTabView.swift */ = {isa = PBXFileReference; lastKnownFileType = sourcecode.swift; path = MainTabView.swift; sourceTree = "<group>"; };
		AA0000000000000000000203 /* DateFormatting.swift */ = {isa = PBXFileReference; lastKnownFileType = sourcecode.swift; path = DateFormatting.swift; sourceTree = "<group>"; };
		AA0000000000000000000204 /* PrayerName.swift */ = {isa = PBXFileReference; lastKnownFileType = sourcecode.swift; path = PrayerName.swift; sourceTree = "<group>"; };
		AA0000000000000000000205 /* PrayerTime.swift */ = {isa = PBXFileReference; lastKnownFileType = sourcecode.swift; path = PrayerTime.swift; sourceTree = "<group>"; };
		AA0000000000000000000206 /* PrayerZone.swift */ = {isa = PBXFileReference; lastKnownFileType = sourcecode.swift; path = PrayerZone.swift; sourceTree = "<group>"; };
		AA0000000000000000000207 /* DailyPrayerRecord.swift */ = {isa = PBXFileReference; lastKnownFileType = sourcecode.swift; path = DailyPrayerRecord.swift; sourceTree = "<group>"; };
		AA0000000000000000000208 /* NotificationSettings.swift */ = {isa = PBXFileReference; lastKnownFileType = sourcecode.swift; path = NotificationSettings.swift; sourceTree = "<group>"; };
		AA0000000000000000000209 /* StorageService.swift */ = {isa = PBXFileReference; lastKnownFileType = sourcecode.swift; path = StorageService.swift; sourceTree = "<group>"; };
		AA0000000000000000000210 /* PrayerTimeService.swift */ = {isa = PBXFileReference; lastKnownFileType = sourcecode.swift; path = PrayerTimeService.swift; sourceTree = "<group>"; };
		AA0000000000000000000211 /* NotificationService.swift */ = {isa = PBXFileReference; lastKnownFileType = sourcecode.swift; path = NotificationService.swift; sourceTree = "<group>"; };
		AA0000000000000000000212 /* TodayViewModel.swift */ = {isa = PBXFileReference; lastKnownFileType = sourcecode.swift; path = TodayViewModel.swift; sourceTree = "<group>"; };
		AA0000000000000000000213 /* TrackerViewModel.swift */ = {isa = PBXFileReference; lastKnownFileType = sourcecode.swift; path = TrackerViewModel.swift; sourceTree = "<group>"; };
		AA0000000000000000000214 /* SettingsViewModel.swift */ = {isa = PBXFileReference; lastKnownFileType = sourcecode.swift; path = SettingsViewModel.swift; sourceTree = "<group>"; };
		AA0000000000000000000215 /* TasbihViewModel.swift */ = {isa = PBXFileReference; lastKnownFileType = sourcecode.swift; path = TasbihViewModel.swift; sourceTree = "<group>"; };
		AA0000000000000000000216 /* AppTheme.swift */ = {isa = PBXFileReference; lastKnownFileType = sourcecode.swift; path = AppTheme.swift; sourceTree = "<group>"; };
		AA0000000000000000000217 /* TodayView.swift */ = {isa = PBXFileReference; lastKnownFileType = sourcecode.swift; path = TodayView.swift; sourceTree = "<group>"; };
		AA0000000000000000000218 /* NextPrayerCard.swift */ = {isa = PBXFileReference; lastKnownFileType = sourcecode.swift; path = NextPrayerCard.swift; sourceTree = "<group>"; };
		AA0000000000000000000219 /* PrayerTimeRow.swift */ = {isa = PBXFileReference; lastKnownFileType = sourcecode.swift; path = PrayerTimeRow.swift; sourceTree = "<group>"; };
		AA0000000000000000000220 /* TrackerView.swift */ = {isa = PBXFileReference; lastKnownFileType = sourcecode.swift; path = TrackerView.swift; sourceTree = "<group>"; };
		AA0000000000000000000221 /* PrayerCheckRow.swift */ = {isa = PBXFileReference; lastKnownFileType = sourcecode.swift; path = PrayerCheckRow.swift; sourceTree = "<group>"; };
		AA0000000000000000000222 /* WeeklyStatsCard.swift */ = {isa = PBXFileReference; lastKnownFileType = sourcecode.swift; path = WeeklyStatsCard.swift; sourceTree = "<group>"; };
		AA0000000000000000000223 /* ToolsView.swift */ = {isa = PBXFileReference; lastKnownFileType = sourcecode.swift; path = ToolsView.swift; sourceTree = "<group>"; };
		AA0000000000000000000224 /* TasbihCounterView.swift */ = {isa = PBXFileReference; lastKnownFileType = sourcecode.swift; path = TasbihCounterView.swift; sourceTree = "<group>"; };
		AA0000000000000000000225 /* SettingsView.swift */ = {isa = PBXFileReference; lastKnownFileType = sourcecode.swift; path = SettingsView.swift; sourceTree = "<group>"; };
		AA0000000000000000000226 /* ZonePickerView.swift */ = {isa = PBXFileReference; lastKnownFileType = sourcecode.swift; path = ZonePickerView.swift; sourceTree = "<group>"; };
		AA0000000000000000000227 /* MockPrayerTimes.json */ = {isa = PBXFileReference; lastKnownFileType = text.json; path = MockPrayerTimes.json; sourceTree = "<group>"; };
		AA0000000000000000000228 /* Assets.xcassets */ = {isa = PBXFileReference; lastKnownFileType = folder.assetcatalog; path = Assets.xcassets; sourceTree = "<group>"; };
		AA0000000000000000000229 /* WaktuMate.app */ = {isa = PBXFileReference; explicitFileType = wrapper.application; includeInIndex = 0; path = WaktuMate.app; sourceTree = BUILT_PRODUCTS_DIR; };
		AA0000000000000000000230 /* FaithProfile.swift */ = {isa = PBXFileReference; lastKnownFileType = sourcecode.swift; path = FaithProfile.swift; sourceTree = "<group>"; };
		AA0000000000000000000231 /* LocationService.swift */ = {isa = PBXFileReference; lastKnownFileType = sourcecode.swift; path = LocationService.swift; sourceTree = "<group>"; };
		AA0000000000000000000232 /* AppStateViewModel.swift */ = {isa = PBXFileReference; lastKnownFileType = sourcecode.swift; path = AppStateViewModel.swift; sourceTree = "<group>"; };
		AA0000000000000000000233 /* PracticeTimerViewModel.swift */ = {isa = PBXFileReference; lastKnownFileType = sourcecode.swift; path = PracticeTimerViewModel.swift; sourceTree = "<group>"; };
		AA0000000000000000000234 /* FaithOnboardingView.swift */ = {isa = PBXFileReference; lastKnownFileType = sourcecode.swift; path = FaithOnboardingView.swift; sourceTree = "<group>"; };
		AA0000000000000000000235 /* FaithHomeView.swift */ = {isa = PBXFileReference; lastKnownFileType = sourcecode.swift; path = FaithHomeView.swift; sourceTree = "<group>"; };
		AA0000000000000000000236 /* PracticeToolsViews.swift */ = {isa = PBXFileReference; lastKnownFileType = sourcecode.swift; path = PracticeToolsViews.swift; sourceTree = "<group>"; };
		AA0000000000000000000237 /* AppLanguage.swift */ = {isa = PBXFileReference; lastKnownFileType = sourcecode.swift; path = AppLanguage.swift; sourceTree = "<group>"; };
		AA0000000000000000000238 /* FaithPersonalProfile.swift */ = {isa = PBXFileReference; lastKnownFileType = sourcecode.swift; path = FaithPersonalProfile.swift; sourceTree = "<group>"; };
		AA0000000000000000000239 /* FaithHoliday.swift */ = {isa = PBXFileReference; lastKnownFileType = sourcecode.swift; path = FaithHoliday.swift; sourceTree = "<group>"; };
		AA0000000000000000000240 /* CalendarService.swift */ = {isa = PBXFileReference; lastKnownFileType = sourcecode.swift; path = CalendarService.swift; sourceTree = "<group>"; };
/* End PBXFileReference section */

/* Begin PBXFrameworksBuildPhase section */
		AA0000000000000000000301 /* Frameworks */ = {
			isa = PBXFrameworksBuildPhase;
			buildActionMask = 2147483647;
			files = (
			);
			runOnlyForDeploymentPostprocessing = 0;
		};
/* End PBXFrameworksBuildPhase section */

/* Begin PBXGroup section */
		AA0000000000000000000401 = {
			isa = PBXGroup;
			children = (
				AA0000000000000000000402 /* WaktuMate */,
				AA0000000000000000000409 /* Products */,
			);
			sourceTree = "<group>";
		};
		AA0000000000000000000402 /* WaktuMate */ = {
			isa = PBXGroup;
			children = (
				AA0000000000000000000410 /* App */,
				AA0000000000000000000411 /* Models */,
				AA0000000000000000000412 /* Services */,
				AA0000000000000000000413 /* ViewModels */,
				AA0000000000000000000414 /* Views */,
				AA0000000000000000000415 /* Resources */,
				AA0000000000000000000228 /* Assets.xcassets */,
			);
			path = WaktuMate;
			sourceTree = "<group>";
		};
		AA0000000000000000000409 /* Products */ = {
			isa = PBXGroup;
			children = (
				AA0000000000000000000229 /* WaktuMate.app */,
			);
			name = Products;
			sourceTree = "<group>";
		};
		AA0000000000000000000410 /* App */ = {
			isa = PBXGroup;
			children = (
				AA0000000000000000000201 /* WaktuMateApp.swift */,
				AA0000000000000000000202 /* MainTabView.swift */,
			);
			path = App;
			sourceTree = "<group>";
		};
		AA0000000000000000000411 /* Models */ = {
			isa = PBXGroup;
			children = (
				AA0000000000000000000203 /* DateFormatting.swift */,
				AA0000000000000000000204 /* PrayerName.swift */,
				AA0000000000000000000205 /* PrayerTime.swift */,
				AA0000000000000000000206 /* PrayerZone.swift */,
				AA0000000000000000000207 /* DailyPrayerRecord.swift */,
				AA0000000000000000000208 /* NotificationSettings.swift */,
				AA0000000000000000000230 /* FaithProfile.swift */,
				AA0000000000000000000237 /* AppLanguage.swift */,
				AA0000000000000000000238 /* FaithPersonalProfile.swift */,
				AA0000000000000000000239 /* FaithHoliday.swift */,
			);
			path = Models;
			sourceTree = "<group>";
		};
		AA0000000000000000000412 /* Services */ = {
			isa = PBXGroup;
			children = (
				AA0000000000000000000209 /* StorageService.swift */,
				AA0000000000000000000210 /* PrayerTimeService.swift */,
				AA0000000000000000000211 /* NotificationService.swift */,
				AA0000000000000000000231 /* LocationService.swift */,
				AA0000000000000000000240 /* CalendarService.swift */,
			);
			path = Services;
			sourceTree = "<group>";
		};
		AA0000000000000000000413 /* ViewModels */ = {
			isa = PBXGroup;
			children = (
				AA0000000000000000000212 /* TodayViewModel.swift */,
				AA0000000000000000000213 /* TrackerViewModel.swift */,
				AA0000000000000000000214 /* SettingsViewModel.swift */,
				AA0000000000000000000215 /* TasbihViewModel.swift */,
				AA0000000000000000000232 /* AppStateViewModel.swift */,
				AA0000000000000000000233 /* PracticeTimerViewModel.swift */,
			);
			path = ViewModels;
			sourceTree = "<group>";
		};
		AA0000000000000000000414 /* Views */ = {
			isa = PBXGroup;
			children = (
				AA0000000000000000000416 /* Shared */,
				AA0000000000000000000421 /* Onboarding */,
				AA0000000000000000000422 /* Home */,
				AA0000000000000000000417 /* Today */,
				AA0000000000000000000418 /* Tracker */,
				AA0000000000000000000419 /* Tools */,
				AA0000000000000000000420 /* Settings */,
			);
			path = Views;
			sourceTree = "<group>";
		};
		AA0000000000000000000415 /* Resources */ = {
			isa = PBXGroup;
			children = (
				AA0000000000000000000227 /* MockPrayerTimes.json */,
			);
			path = Resources;
			sourceTree = "<group>";
		};
		AA0000000000000000000416 /* Shared */ = {
			isa = PBXGroup;
			children = (
				AA0000000000000000000216 /* AppTheme.swift */,
			);
			path = Shared;
			sourceTree = "<group>";
		};
		AA0000000000000000000417 /* Today */ = {
			isa = PBXGroup;
			children = (
				AA0000000000000000000217 /* TodayView.swift */,
				AA0000000000000000000218 /* NextPrayerCard.swift */,
				AA0000000000000000000219 /* PrayerTimeRow.swift */,
			);
			path = Today;
			sourceTree = "<group>";
		};
		AA0000000000000000000418 /* Tracker */ = {
			isa = PBXGroup;
			children = (
				AA0000000000000000000220 /* TrackerView.swift */,
				AA0000000000000000000221 /* PrayerCheckRow.swift */,
				AA0000000000000000000222 /* WeeklyStatsCard.swift */,
			);
			path = Tracker;
			sourceTree = "<group>";
		};
		AA0000000000000000000419 /* Tools */ = {
			isa = PBXGroup;
			children = (
				AA0000000000000000000223 /* ToolsView.swift */,
				AA0000000000000000000224 /* TasbihCounterView.swift */,
				AA0000000000000000000236 /* PracticeToolsViews.swift */,
			);
			path = Tools;
			sourceTree = "<group>";
		};
		AA0000000000000000000420 /* Settings */ = {
			isa = PBXGroup;
			children = (
				AA0000000000000000000225 /* SettingsView.swift */,
				AA0000000000000000000226 /* ZonePickerView.swift */,
			);
			path = Settings;
			sourceTree = "<group>";
		};
		AA0000000000000000000421 /* Onboarding */ = {
			isa = PBXGroup;
			children = (
				AA0000000000000000000234 /* FaithOnboardingView.swift */,
			);
			path = Onboarding;
			sourceTree = "<group>";
		};
		AA0000000000000000000422 /* Home */ = {
			isa = PBXGroup;
			children = (
				AA0000000000000000000235 /* FaithHomeView.swift */,
			);
			path = Home;
			sourceTree = "<group>";
		};
/* End PBXGroup section */

/* Begin PBXNativeTarget section */
		AA0000000000000000000501 /* WaktuMate */ = {
			isa = PBXNativeTarget;
			buildConfigurationList = AA0000000000000000000603 /* Build configuration list for PBXNativeTarget "WaktuMate" */;
			buildPhases = (
				AA0000000000000000000302 /* Sources */,
				AA0000000000000000000301 /* Frameworks */,
				AA0000000000000000000303 /* Resources */,
			);
			buildRules = (
			);
			dependencies = (
			);
			name = WaktuMate;
			productName = WaktuMate;
			productReference = AA0000000000000000000229 /* WaktuMate.app */;
			productType = "com.apple.product-type.application";
		};
/* End PBXNativeTarget section */

/* Begin PBXProject section */
		AA0000000000000000000500 /* Project object */ = {
			isa = PBXProject;
			attributes = {
				BuildIndependentTargetsInParallel = 1;
				LastSwiftUpdateCheck = 2660;
				LastUpgradeCheck = 2660;
				TargetAttributes = {
					AA0000000000000000000501 = {
						CreatedOnToolsVersion = 26.6;
					};
				};
			};
			buildConfigurationList = AA0000000000000000000600 /* Build configuration list for PBXProject "WaktuMate" */;
			compatibilityVersion = "Xcode 14.0";
			developmentRegion = en;
			hasScannedForEncodings = 0;
			knownRegions = (
				en,
				Base,
			);
			mainGroup = AA0000000000000000000401;
			productRefGroup = AA0000000000000000000409 /* Products */;
			projectDirPath = "";
			projectRoot = "";
			targets = (
				AA0000000000000000000501 /* WaktuMate */,
			);
		};
/* End PBXProject section */

/* Begin PBXResourcesBuildPhase section */
		AA0000000000000000000303 /* Resources */ = {
			isa = PBXResourcesBuildPhase;
			buildActionMask = 2147483647;
			files = (
				AA0000000000000000000127 /* MockPrayerTimes.json in Resources */,
				AA0000000000000000000128 /* Assets.xcassets in Resources */,
			);
			runOnlyForDeploymentPostprocessing = 0;
		};
/* End PBXResourcesBuildPhase section */

/* Begin PBXSourcesBuildPhase section */
		AA0000000000000000000302 /* Sources */ = {
			isa = PBXSourcesBuildPhase;
			buildActionMask = 2147483647;
			files = (
				AA0000000000000000000101 /* WaktuMateApp.swift in Sources */,
				AA0000000000000000000102 /* MainTabView.swift in Sources */,
				AA0000000000000000000103 /* DateFormatting.swift in Sources */,
				AA0000000000000000000104 /* PrayerName.swift in Sources */,
				AA0000000000000000000105 /* PrayerTime.swift in Sources */,
				AA0000000000000000000106 /* PrayerZone.swift in Sources */,
				AA0000000000000000000107 /* DailyPrayerRecord.swift in Sources */,
				AA0000000000000000000108 /* NotificationSettings.swift in Sources */,
				AA0000000000000000000109 /* StorageService.swift in Sources */,
				AA0000000000000000000110 /* PrayerTimeService.swift in Sources */,
				AA0000000000000000000111 /* NotificationService.swift in Sources */,
				AA0000000000000000000112 /* TodayViewModel.swift in Sources */,
				AA0000000000000000000113 /* TrackerViewModel.swift in Sources */,
				AA0000000000000000000114 /* SettingsViewModel.swift in Sources */,
				AA0000000000000000000115 /* TasbihViewModel.swift in Sources */,
				AA0000000000000000000116 /* AppTheme.swift in Sources */,
				AA0000000000000000000117 /* TodayView.swift in Sources */,
				AA0000000000000000000118 /* NextPrayerCard.swift in Sources */,
				AA0000000000000000000119 /* PrayerTimeRow.swift in Sources */,
				AA0000000000000000000120 /* TrackerView.swift in Sources */,
				AA0000000000000000000121 /* PrayerCheckRow.swift in Sources */,
				AA0000000000000000000122 /* WeeklyStatsCard.swift in Sources */,
				AA0000000000000000000123 /* ToolsView.swift in Sources */,
				AA0000000000000000000124 /* TasbihCounterView.swift in Sources */,
				AA0000000000000000000125 /* SettingsView.swift in Sources */,
				AA0000000000000000000126 /* ZonePickerView.swift in Sources */,
				AA0000000000000000000129 /* FaithProfile.swift in Sources */,
				AA0000000000000000000130 /* LocationService.swift in Sources */,
				AA0000000000000000000131 /* AppStateViewModel.swift in Sources */,
				AA0000000000000000000132 /* PracticeTimerViewModel.swift in Sources */,
				AA0000000000000000000133 /* FaithOnboardingView.swift in Sources */,
				AA0000000000000000000134 /* FaithHomeView.swift in Sources */,
				AA0000000000000000000135 /* PracticeToolsViews.swift in Sources */,
				AA0000000000000000000136 /* AppLanguage.swift in Sources */,
				AA0000000000000000000137 /* FaithPersonalProfile.swift in Sources */,
				AA0000000000000000000138 /* FaithHoliday.swift in Sources */,
				AA0000000000000000000139 /* CalendarService.swift in Sources */,
			);
			runOnlyForDeploymentPostprocessing = 0;
		};
/* End PBXSourcesBuildPhase section */

/* Begin XCBuildConfiguration section */
		AA0000000000000000000601 /* Debug */ = {
			isa = XCBuildConfiguration;
			buildSettings = {
				ALWAYS_SEARCH_USER_PATHS = NO;
				CLANG_ANALYZER_NONNULL = YES;
				CLANG_ANALYZER_NUMBER_OBJECT_CONVERSION = YES_AGGRESSIVE;
				CLANG_CXX_LANGUAGE_STANDARD = "gnu++20";
				CLANG_ENABLE_MODULES = YES;
				CLANG_ENABLE_OBJC_ARC = YES;
				CLANG_ENABLE_OBJC_WEAK = YES;
				CLANG_WARN_BLOCK_CAPTURE_AUTORELEASING = YES;
				CLANG_WARN_BOOL_CONVERSION = YES;
				CLANG_WARN_COMMA = YES;
				CLANG_WARN_CONSTANT_CONVERSION = YES;
				CLANG_WARN_DEPRECATED_OBJC_IMPLEMENTATIONS = YES;
				CLANG_WARN_DIRECT_OBJC_ISA_USAGE = YES_ERROR;
				CLANG_WARN_DOCUMENTATION_COMMENTS = YES;
				CLANG_WARN_EMPTY_BODY = YES;
				CLANG_WARN_ENUM_CONVERSION = YES;
				CLANG_WARN_INFINITE_RECURSION = YES;
				CLANG_WARN_INT_CONVERSION = YES;
				CLANG_WARN_NON_LITERAL_NULL_CONVERSION = YES;
				CLANG_WARN_OBJC_IMPLICIT_RETAIN_SELF = YES;
				CLANG_WARN_OBJC_LITERAL_CONVERSION = YES;
				CLANG_WARN_OBJC_ROOT_CLASS = YES_ERROR;
				CLANG_WARN_QUOTED_INCLUDE_IN_FRAMEWORK_HEADER = YES;
				CLANG_WARN_RANGE_LOOP_ANALYSIS = YES;
				CLANG_WARN_STRICT_PROTOTYPES = YES;
				CLANG_WARN_SUSPICIOUS_MOVE = YES;
				CLANG_WARN_UNGUARDED_AVAILABILITY = YES_AGGRESSIVE;
				CLANG_WARN_UNREACHABLE_CODE = YES;
				CLANG_WARN__DUPLICATE_METHOD_MATCH = YES;
				COPY_PHASE_STRIP = NO;
				DEBUG_INFORMATION_FORMAT = dwarf;
				ENABLE_STRICT_OBJC_MSGSEND = YES;
				ENABLE_TESTABILITY = YES;
				GCC_C_LANGUAGE_STANDARD = gnu17;
				GCC_DYNAMIC_NO_PIC = NO;
				GCC_NO_COMMON_BLOCKS = YES;
				GCC_OPTIMIZATION_LEVEL = 0;
				GCC_PREPROCESSOR_DEFINITIONS = (
					"DEBUG=1",
					"$(inherited)",
				);
				GCC_WARN_64_TO_32_BIT_CONVERSION = YES;
				GCC_WARN_ABOUT_RETURN_TYPE = YES_ERROR;
				GCC_WARN_UNDECLARED_SELECTOR = YES;
				GCC_WARN_UNINITIALIZED_AUTOS = YES_AGGRESSIVE;
				GCC_WARN_UNUSED_FUNCTION = YES;
				GCC_WARN_UNUSED_VARIABLE = YES;
				IPHONEOS_DEPLOYMENT_TARGET = 17.0;
				MTL_ENABLE_DEBUG_INFO = INCLUDE_SOURCE;
				MTL_FAST_MATH = YES;
				ONLY_ACTIVE_ARCH = YES;
				SDKROOT = iphoneos;
				SWIFT_ACTIVE_COMPILATION_CONDITIONS = DEBUG;
				SWIFT_OPTIMIZATION_LEVEL = "-Onone";
			};
			name = Debug;
		};
		AA0000000000000000000602 /* Release */ = {
			isa = XCBuildConfiguration;
			buildSettings = {
				ALWAYS_SEARCH_USER_PATHS = NO;
				CLANG_ANALYZER_NONNULL = YES;
				CLANG_ANALYZER_NUMBER_OBJECT_CONVERSION = YES_AGGRESSIVE;
				CLANG_CXX_LANGUAGE_STANDARD = "gnu++20";
				CLANG_ENABLE_MODULES = YES;
				CLANG_ENABLE_OBJC_ARC = YES;
				CLANG_ENABLE_OBJC_WEAK = YES;
				CLANG_WARN_BLOCK_CAPTURE_AUTORELEASING = YES;
				CLANG_WARN_BOOL_CONVERSION = YES;
				CLANG_WARN_COMMA = YES;
				CLANG_WARN_CONSTANT_CONVERSION = YES;
				CLANG_WARN_DEPRECATED_OBJC_IMPLEMENTATIONS = YES;
				CLANG_WARN_DIRECT_OBJC_ISA_USAGE = YES_ERROR;
				CLANG_WARN_DOCUMENTATION_COMMENTS = YES;
				CLANG_WARN_EMPTY_BODY = YES;
				CLANG_WARN_ENUM_CONVERSION = YES;
				CLANG_WARN_INFINITE_RECURSION = YES;
				CLANG_WARN_INT_CONVERSION = YES;
				CLANG_WARN_NON_LITERAL_NULL_CONVERSION = YES;
				CLANG_WARN_OBJC_IMPLICIT_RETAIN_SELF = YES;
				CLANG_WARN_OBJC_LITERAL_CONVERSION = YES;
				CLANG_WARN_OBJC_ROOT_CLASS = YES_ERROR;
				CLANG_WARN_QUOTED_INCLUDE_IN_FRAMEWORK_HEADER = YES;
				CLANG_WARN_RANGE_LOOP_ANALYSIS = YES;
				CLANG_WARN_STRICT_PROTOTYPES = YES;
				CLANG_WARN_SUSPICIOUS_MOVE = YES;
				CLANG_WARN_UNGUARDED_AVAILABILITY = YES_AGGRESSIVE;
				CLANG_WARN_UNREACHABLE_CODE = YES;
				CLANG_WARN__DUPLICATE_METHOD_MATCH = YES;
				COPY_PHASE_STRIP = NO;
				DEBUG_INFORMATION_FORMAT = "dwarf-with-dsym";
				ENABLE_NS_ASSERTIONS = NO;
				ENABLE_STRICT_OBJC_MSGSEND = YES;
				GCC_C_LANGUAGE_STANDARD = gnu17;
				GCC_NO_COMMON_BLOCKS = YES;
				GCC_WARN_64_TO_32_BIT_CONVERSION = YES;
				GCC_WARN_ABOUT_RETURN_TYPE = YES_ERROR;
				GCC_WARN_UNDECLARED_SELECTOR = YES;
				GCC_WARN_UNINITIALIZED_AUTOS = YES_AGGRESSIVE;
				GCC_WARN_UNUSED_FUNCTION = YES;
				GCC_WARN_UNUSED_VARIABLE = YES;
				IPHONEOS_DEPLOYMENT_TARGET = 17.0;
				MTL_ENABLE_DEBUG_INFO = NO;
				MTL_FAST_MATH = YES;
				SDKROOT = iphoneos;
				SWIFT_COMPILATION_MODE = wholemodule;
				VALIDATE_PRODUCT = YES;
			};
			name = Release;
		};
		AA0000000000000000000604 /* Debug */ = {
			isa = XCBuildConfiguration;
			buildSettings = {
				ASSETCATALOG_COMPILER_GLOBAL_ACCENT_COLOR_NAME = AccentColor;
				CODE_SIGN_STYLE = Automatic;
				CURRENT_PROJECT_VERSION = 1;
				DEVELOPMENT_ASSET_PATHS = "";
				ENABLE_PREVIEWS = YES;
				GENERATE_INFOPLIST_FILE = YES;
				INFOPLIST_KEY_CFBundleDisplayName = WaktuMate;
				INFOPLIST_KEY_LSApplicationCategoryType = "public.app-category.lifestyle";
				INFOPLIST_KEY_NSCalendarsFullAccessUsageDescription = "WaktuMate adds selected faith holidays to Apple Calendar when you choose to save them.";
				INFOPLIST_KEY_NSCalendarsUsageDescription = "WaktuMate adds selected faith holidays to Apple Calendar when you choose to save them.";
				INFOPLIST_KEY_NSLocationWhenInUseUsageDescription = "WaktuMate uses your location to find nearby places of worship and calculate compass directions.";
				INFOPLIST_KEY_UIApplicationSceneManifest_Generation = YES;
				INFOPLIST_KEY_UIApplicationSupportsIndirectInputEvents = YES;
				INFOPLIST_KEY_UILaunchScreen_Generation = YES;
				IPHONEOS_DEPLOYMENT_TARGET = 17.0;
				MARKETING_VERSION = 1.0;
				PRODUCT_BUNDLE_IDENTIFIER = com.wangkeyu.WaktuMate;
				PRODUCT_NAME = "$(TARGET_NAME)";
				SUPPORTED_PLATFORMS = "iphoneos iphonesimulator";
				SUPPORTS_MACCATALYST = NO;
				SWIFT_EMIT_LOC_STRINGS = YES;
				SWIFT_VERSION = 5.0;
				TARGETED_DEVICE_FAMILY = "1,2";
			};
			name = Debug;
		};
		AA0000000000000000000605 /* Release */ = {
			isa = XCBuildConfiguration;
			buildSettings = {
				ASSETCATALOG_COMPILER_GLOBAL_ACCENT_COLOR_NAME = AccentColor;
				CODE_SIGN_STYLE = Automatic;
				CURRENT_PROJECT_VERSION = 1;
				DEVELOPMENT_ASSET_PATHS = "";
				ENABLE_PREVIEWS = YES;
				GENERATE_INFOPLIST_FILE = YES;
				INFOPLIST_KEY_CFBundleDisplayName = WaktuMate;
				INFOPLIST_KEY_LSApplicationCategoryType = "public.app-category.lifestyle";
				INFOPLIST_KEY_NSCalendarsFullAccessUsageDescription = "WaktuMate adds selected faith holidays to Apple Calendar when you choose to save them.";
				INFOPLIST_KEY_NSCalendarsUsageDescription = "WaktuMate adds selected faith holidays to Apple Calendar when you choose to save them.";
				INFOPLIST_KEY_NSLocationWhenInUseUsageDescription = "WaktuMate uses your location to find nearby places of worship and calculate compass directions.";
				INFOPLIST_KEY_UIApplicationSceneManifest_Generation = YES;
				INFOPLIST_KEY_UIApplicationSupportsIndirectInputEvents = YES;
				INFOPLIST_KEY_UILaunchScreen_Generation = YES;
				IPHONEOS_DEPLOYMENT_TARGET = 17.0;
				MARKETING_VERSION = 1.0;
				PRODUCT_BUNDLE_IDENTIFIER = com.wangkeyu.WaktuMate;
				PRODUCT_NAME = "$(TARGET_NAME)";
				SUPPORTED_PLATFORMS = "iphoneos iphonesimulator";
				SUPPORTS_MACCATALYST = NO;
				SWIFT_EMIT_LOC_STRINGS = YES;
				SWIFT_VERSION = 5.0;
				TARGETED_DEVICE_FAMILY = "1,2";
			};
			name = Release;
		};
/* End XCBuildConfiguration section */

/* Begin XCConfigurationList section */
		AA0000000000000000000600 /* Build configuration list for PBXProject "WaktuMate" */ = {
			isa = XCConfigurationList;
			buildConfigurations = (
				AA0000000000000000000601 /* Debug */,
				AA0000000000000000000602 /* Release */,
			);
			defaultConfigurationIsVisible = 0;
			defaultConfigurationName = Release;
		};
		AA0000000000000000000603 /* Build configuration list for PBXNativeTarget "WaktuMate" */ = {
			isa = XCConfigurationList;
			buildConfigurations = (
				AA0000000000000000000604 /* Debug */,
				AA0000000000000000000605 /* Release */,
			);
			defaultConfigurationIsVisible = 0;
			defaultConfigurationName = Release;
		};
/* End XCConfigurationList section */
	};
	rootObject = AA0000000000000000000500 /* Project object */;
}
